// !$*UTF8*$!
{
	archiveVersion = 1;
	classes = {
	};
	objectVersion = 50;
	objects = {

/* Begin PBXBuildFile section */
		48ABD2D221D547E700957972 /* AppDelegate.swift in Sources */ = {isa = PBXBuildFile; fileRef = 48ABD2D121D547E700957972 /* AppDelegate.swift */; };
		48ABD2D421D547E700957972 /* TrailerViewController.swift in Sources */ = {isa = PBXBuildFile; fileRef = 48ABD2D321D547E700957972 /* TrailerViewController.swift */; };
		48ABD2D721D547E700957972 /* Main.storyboard in Resources */ = {isa = PBXBuildFile; fileRef = 48ABD2D521D547E700957972 /* Main.storyboard */; };
		48ABD2D921D547EA00957972 /* Assets.xcassets in Resources */ = {isa = PBXBuildFile; fileRef = 48ABD2D821D547EA00957972 /* Assets.xcassets */; };
		48ABD2DC21D547EA00957972 /* LaunchScreen.storyboard in Resources */ = {isa = PBXBuildFile; fileRef = 48ABD2DA21D547EA00957972 /* LaunchScreen.storyboard */; };
		48ABD2E421D54FA700957972 /* MarvelPageVC.swift in Sources */ = {isa = PBXBuildFile; fileRef = 48ABD2E321D54FA700957972 /* MarvelPageVC.swift */; };
		48ABD2E621D567C200957972 /* Trailer.swift in Sources */ = {isa = PBXBuildFile; fileRef = 48ABD2E521D567C200957972 /* Trailer.swift */; };
		48ABD2E821D584F900957972 /* MarvelTrailerCell.swift in Sources */ = {isa = PBXBuildFile; fileRef = 48ABD2E721D584F900957972 /* MarvelTrailerCell.swift */; };
		48ABD30921D5890900957972 /* Spiderverse.mp4 in Resources */ = {isa = PBXBuildFile; fileRef = 48ABD2E921D588F400957972 /* Spiderverse.mp4 */; };
		48ABD30A21D5890900957972 /* Venom.mp4 in Resources */ = {isa = PBXBuildFile; fileRef = 48ABD2EA21D588F500957972 /* Venom.mp4 */; };
		48ABD30B21D5890900957972 /* DrStrange.mp4 in Resources */ = {isa = PBXBuildFile; fileRef = 48ABD2EB21D588F500957972 /* DrStrange.mp4 */; };
		48ABD30C21D5890900957972 /* BlackPanther.mp4 in Resources */ = {isa = PBXBuildFile; fileRef = 48ABD2EC21D588F600957972 /* BlackPanther.mp4 */; };
		48ABD30D21D5890900957972 /* IronMan3.mp4 in Resources */ = {isa = PBXBuildFile; fileRef = 48ABD2ED21D588F700957972 /* IronMan3.mp4 */; };
		48ABD30E21D5890900957972 /* AntMan.mp4 in Resources */ = {isa = PBXBuildFile; fileRef = 48ABD2EE21D588F700957972 /* AntMan.mp4 */; };
		48ABD30F21D5890900957972 /* GOTG2.mp4 in Resources */ = {isa = PBXBuildFile; fileRef = 48ABD2EF21D588F800957972 /* GOTG2.mp4 */; };
		48ABD31021D5890900957972 /* Deadpool2.mp4 in Resources */ = {isa = PBXBuildFile; fileRef = 48ABD2F021D588F800957972 /* Deadpool2.mp4 */; };
		48ABD31121D5890900957972 /* EndGame.mp4 in Resources */ = {isa = PBXBuildFile; fileRef = 48ABD2F121D588F900957972 /* EndGame.mp4 */; };
		48ABD31221D5890900957972 /* AATW.mp4 in Resources */ = {isa = PBXBuildFile; fileRef = 48ABD2F221D588FA00957972 /* AATW.mp4 */; };
		48ABD31321D5890900957972 /* CivilWar.mp4 in Resources */ = {isa = PBXBuildFile; fileRef = 48ABD2F321D588FA00957972 /* CivilWar.mp4 */; };
		48ABD31421D5890900957972 /* Hulk.mp4 in Resources */ = {isa = PBXBuildFile; fileRef = 48ABD2F421D588FB00957972 /* Hulk.mp4 */; };
		48ABD31521D5890900957972 /* IronMan.mp4 in Resources */ = {isa = PBXBuildFile; fileRef = 48ABD2F521D588FB00957972 /* IronMan.mp4 */; };
		48ABD31621D5890900957972 /* AOU.mp4 in Resources */ = {isa = PBXBuildFile; fileRef = 48ABD2F621D588FC00957972 /* AOU.mp4 */; };
		48ABD31721D5890900957972 /* SpidermanOT.mp4 in Resources */ = {isa = PBXBuildFile; fileRef = 48ABD2F721D588FC00957972 /* SpidermanOT.mp4 */; };
		48ABD31821D5890900957972 /* HC.mp4 in Resources */ = {isa = PBXBuildFile; fileRef = 48ABD2F821D588FD00957972 /* HC.mp4 */; };
		48ABD31921D5890900957972 /* DarkWorld.mp4 in Resources */ = {isa = PBXBuildFile; fileRef = 48ABD2F921D588FD00957972 /* DarkWorld.mp4 */; };
		48ABD31A21D5890900957972 /* IronMan2.mp4 in Resources */ = {isa = PBXBuildFile; fileRef = 48ABD2FA21D588FE00957972 /* IronMan2.mp4 */; };
		48ABD31B21D5890900957972 /* Avengers.mp4 in Resources */ = {isa = PBXBuildFile; fileRef = 48ABD2FB21D588FF00957972 /* Avengers.mp4 */; };
		48ABD31C21D5890900957972 /* CATFA.mp4 in Resources */ = {isa = PBXBuildFile; fileRef = 48ABD2FC21D588FF00957972 /* CATFA.mp4 */; };
		48ABD31D21D5890900957972 /* CaptainMarvel.mp4 in Resources */ = {isa = PBXBuildFile; fileRef = 48ABD2FD21D5890000957972 /* CaptainMarvel.mp4 */; };
		48ABD31E21D5890900957972 /* Logan.mp4 in Resources */ = {isa = PBXBuildFile; fileRef = 48ABD2FE21D5890100957972 /* Logan.mp4 */; };
		48ABD31F21D5890900957972 /* TAS.mp4 in Resources */ = {isa = PBXBuildFile; fileRef = 48ABD2FF21D5890100957972 /* TAS.mp4 */; };
		48ABD32021D5890900957972 /* Ragnarok.mp4 in Resources */ = {isa = PBXBuildFile; fileRef = 48ABD30021D5890200957972 /* Ragnarok.mp4 */; };
		48ABD32121D5890900957972 /* GOTG.mp4 in Resources */ = {isa = PBXBuildFile; fileRef = 48ABD30121D5890300957972 /* GOTG.mp4 */; };
		48ABD32221D5890900957972 /* Thor.mp4 in Resources */ = {isa = PBXBuildFile; fileRef = 48ABD30221D5890400957972 /* Thor.mp4 */; };
		48ABD32321D5890900957972 /* FFH.mp4 in Resources */ = {isa = PBXBuildFile; fileRef = 48ABD30321D5890500957972 /* FFH.mp4 */; };
		48ABD32421D5890900957972 /* XMenOT.mp4 in Resources */ = {isa = PBXBuildFile; fileRef = 48ABD30421D5890600957972 /* XMenOT.mp4 */; };
		48ABD32521D5890900957972 /* Deadpool.mp4 in Resources */ = {isa = PBXBuildFile; fileRef = 48ABD30521D5890600957972 /* Deadpool.mp4 */; };
		48ABD32621D5890900957972 /* TAS2.mp4 in Resources */ = {isa = PBXBuildFile; fileRef = 48ABD30621D5890700957972 /* TAS2.mp4 */; };
		48ABD32721D5890900957972 /* FirstClass.mp4 in Resources */ = {isa = PBXBuildFile; fileRef = 48ABD30721D5890800957972 /* FirstClass.mp4 */; };
		48ABD32821D5890900957972 /* CAWS.mp4 in Resources */ = {isa = PBXBuildFile; fileRef = 48ABD30821D5890900957972 /* CAWS.mp4 */; };
		48ABD33E21DA814000957972 /* Character.swift in Sources */ = {isa = PBXBuildFile; fileRef = 48ABD33D21DA814000957972 /* Character.swift */; };
		48ABD34021DA924000957972 /* SecretKeys.swift in Sources */ = {isa = PBXBuildFile; fileRef = 48ABD33F21DA924000957972 /* SecretKeys.swift */; };
/* End PBXBuildFile section */

/* Begin PBXFileReference section */
		48ABD2CE21D547E700957972 /* MarvelStudiosApi.app */ = {isa = PBXFileReference; explicitFileType = wrapper.application; includeInIndex = 0; path = MarvelStudiosApi.app; sourceTree = BUILT_PRODUCTS_DIR; };
		48ABD2D121D547E700957972 /* AppDelegate.swift */ = {isa = PBXFileReference; lastKnownFileType = sourcecode.swift; path = AppDelegate.swift; sourceTree = "<group>"; };
		48ABD2D321D547E700957972 /* TrailerViewController.swift */ = {isa = PBXFileReference; lastKnownFileType = sourcecode.swift; path = TrailerViewController.swift; sourceTree = "<group>"; };
		48ABD2D621D547E700957972 /* Base */ = {isa = PBXFileReference; lastKnownFileType = file.storyboard; name = Base; path = Base.lproj/Main.storyboard; sourceTree = "<group>"; };
		48ABD2D821D547EA00957972 /* Assets.xcassets */ = {isa = PBXFileReference; lastKnownFileType = folder.assetcatalog; path = Assets.xcassets; sourceTree = "<group>"; };
		48ABD2DB21D547EA00957972 /* Base */ = {isa = PBXFileReference; lastKnownFileType = file.storyboard; name = Base; path = Base.lproj/LaunchScreen.storyboard; sourceTree = "<group>"; };
		48ABD2DD21D547EA00957972 /* Info.plist */ = {isa = PBXFileReference; lastKnownFileType = text.plist.xml; path = Info.plist; sourceTree = "<group>"; };
		48ABD2E321D54FA700957972 /* MarvelPageVC.swift */ = {isa = PBXFileReference; lastKnownFileType = sourcecode.swift; path = MarvelPageVC.swift; sourceTree = "<group>"; };
		48ABD2E521D567C200957972 /* Trailer.swift */ = {isa = PBXFileReference; lastKnownFileType = sourcecode.swift; path = Trailer.swift; sourceTree = "<group>"; };
		48ABD2E721D584F900957972 /* MarvelTrailerCell.swift */ = {isa = PBXFileReference; lastKnownFileType = sourcecode.swift; path = MarvelTrailerCell.swift; sourceTree = "<group>"; };
		48ABD2E921D588F400957972 /* Spiderverse.mp4 */ = {isa = PBXFileReference; lastKnownFileType = file; path = Spiderverse.mp4; sourceTree = "<group>"; };
		48ABD2EA21D588F500957972 /* Venom.mp4 */ = {isa = PBXFileReference; lastKnownFileType = file; path = Venom.mp4; sourceTree = "<group>"; };
		48ABD2EB21D588F500957972 /* DrStrange.mp4 */ = {isa = PBXFileReference; lastKnownFileType = file; path = DrStrange.mp4; sourceTree = "<group>"; };
		48ABD2EC21D588F600957972 /* BlackPanther.mp4 */ = {isa = PBXFileReference; lastKnownFileType = file; path = BlackPanther.mp4; sourceTree = "<group>"; };
		48ABD2ED21D588F700957972 /* IronMan3.mp4 */ = {isa = PBXFileReference; lastKnownFileType = file; path = IronMan3.mp4; sourceTree = "<group>"; };
		48ABD2EE21D588F700957972 /* AntMan.mp4 */ = {isa = PBXFileReference; lastKnownFileType = file; path = AntMan.mp4; sourceTree = "<group>"; };
		48ABD2EF21D588F800957972 /* GOTG2.mp4 */ = {isa = PBXFileReference; lastKnownFileType = file; path = GOTG2.mp4; sourceTree = "<group>"; };
		48ABD2F021D588F800957972 /* Deadpool2.mp4 */ = {isa = PBXFileReference; lastKnownFileType = file; path = Deadpool2.mp4; sourceTree = "<group>"; };
		48ABD2F121D588F900957972 /* EndGame.mp4 */ = {isa = PBXFileReference; lastKnownFileType = file; path = EndGame.mp4; sourceTree = "<group>"; };
		48ABD2F221D588FA00957972 /* AATW.mp4 */ = {isa = PBXFileReference; lastKnownFileType = file; path = AATW.mp4; sourceTree = "<group>"; };
		48ABD2F321D588FA00957972 /* CivilWar.mp4 */ = {isa = PBXFileReference; lastKnownFileType = file; path = CivilWar.mp4; sourceTree = "<group>"; };
		48ABD2F421D588FB00957972 /* Hulk.mp4 */ = {isa = PBXFileReference; lastKnownFileType = file; path = Hulk.mp4; sourceTree = "<group>"; };
		48ABD2F521D588FB00957972 /* IronMan.mp4 */ = {isa = PBXFileReference; lastKnownFileType = file; path = IronMan.mp4; sourceTree = "<group>"; };
		48ABD2F621D588FC00957972 /* AOU.mp4 */ = {isa = PBXFileReference; lastKnownFileType = file; path = AOU.mp4; sourceTree = "<group>"; };
		48ABD2F721D588FC00957972 /* SpidermanOT.mp4 */ = {isa = PBXFileReference; lastKnownFileType = file; path = SpidermanOT.mp4; sourceTree = "<group>"; };
		48ABD2F821D588FD00957972 /* HC.mp4 */ = {isa = PBXFileReference; lastKnownFileType = file; path = HC.mp4; sourceTree = "<group>"; };
		48ABD2F921D588FD00957972 /* DarkWorld.mp4 */ = {isa = PBXFileReference; lastKnownFileType = file; path = DarkWorld.mp4; sourceTree = "<group>"; };
		48ABD2FA21D588FE00957972 /* IronMan2.mp4 */ = {isa = PBXFileReference; lastKnownFileType = file; path = IronMan2.mp4; sourceTree = "<group>"; };
		48ABD2FB21D588FF00957972 /* Avengers.mp4 */ = {isa = PBXFileReference; lastKnownFileType = file; path = Avengers.mp4; sourceTree = "<group>"; };
		48ABD2FC21D588FF00957972 /* CATFA.mp4 */ = {isa = PBXFileReference; lastKnownFileType = file; path = CATFA.mp4; sourceTree = "<group>"; };
		48ABD2FD21D5890000957972 /* CaptainMarvel.mp4 */ = {isa = PBXFileReference; lastKnownFileType = file; path = CaptainMarvel.mp4; sourceTree = "<group>"; };
		48ABD2FE21D5890100957972 /* Logan.mp4 */ = {isa = PBXFileReference; lastKnownFileType = file; path = Logan.mp4; sourceTree = "<group>"; };
		48ABD2FF21D5890100957972 /* TAS.mp4 */ = {isa = PBXFileReference; lastKnownFileType = file; path = TAS.mp4; sourceTree = "<group>"; };
		48ABD30021D5890200957972 /* Ragnarok.mp4 */ = {isa = PBXFileReference; lastKnownFileType = file; path = Ragnarok.mp4; sourceTree = "<group>"; };
		48ABD30121D5890300957972 /* GOTG.mp4 */ = {isa = PBXFileReference; lastKnownFileType = file; path = GOTG.mp4; sourceTree = "<group>"; };
		48ABD30221D5890400957972 /* Thor.mp4 */ = {isa = PBXFileReference; lastKnownFileType = file; path = Thor.mp4; sourceTree = "<group>"; };
		48ABD30321D5890500957972 /* FFH.mp4 */ = {isa = PBXFileReference; lastKnownFileType = file; path = FFH.mp4; sourceTree = "<group>"; };
		48ABD30421D5890600957972 /* XMenOT.mp4 */ = {isa = PBXFileReference; lastKnownFileType = file; path = XMenOT.mp4; sourceTree = "<group>"; };
		48ABD30521D5890600957972 /* Deadpool.mp4 */ = {isa = PBXFileReference; lastKnownFileType = file; path = Deadpool.mp4; sourceTree = "<group>"; };
		48ABD30621D5890700957972 /* TAS2.mp4 */ = {isa = PBXFileReference; lastKnownFileType = file; path = TAS2.mp4; sourceTree = "<group>"; };
		48ABD30721D5890800957972 /* FirstClass.mp4 */ = {isa = PBXFileReference; lastKnownFileType = file; path = FirstClass.mp4; sourceTree = "<group>"; };
		48ABD30821D5890900957972 /* CAWS.mp4 */ = {isa = PBXFileReference; lastKnownFileType = file; path = CAWS.mp4; sourceTree = "<group>"; };
		48ABD33D21DA814000957972 /* Character.swift */ = {isa = PBXFileReference; lastKnownFileType = sourcecode.swift; path = Character.swift; sourceTree = "<group>"; };
		48ABD33F21DA924000957972 /* SecretKeys.swift */ = {isa = PBXFileReference; lastKnownFileType = sourcecode.swift; path = SecretKeys.swift; sourceTree = "<group>"; };
/* End PBXFileReference section */

/* Begin PBXFrameworksBuildPhase section */
		48ABD2CB21D547E700957972 /* Frameworks */ = {
			isa = PBXFrameworksBuildPhase;
			buildActionMask = 2147483647;
			files = (
			);
			runOnlyForDeploymentPostprocessing = 0;
		};
/* End PBXFrameworksBuildPhase section */

/* Begin PBXGroup section */
		48ABD2C521D547E700957972 = {
			isa = PBXGroup;
			children = (
				48ABD2D021D547E700957972 /* MarvelStudiosApi */,
				48ABD2CF21D547E700957972 /* Products */,
			);
			sourceTree = "<group>";
		};
		48ABD2CF21D547E700957972 /* Products */ = {
			isa = PBXGroup;
			children = (
				48ABD2CE21D547E700957972 /* MarvelStudiosApi.app */,
			);
			name = Products;
			sourceTree = "<group>";
		};
		48ABD2D021D547E700957972 /* MarvelStudiosApi */ = {
			isa = PBXGroup;
			children = (
				48ABD2D121D547E700957972 /* AppDelegate.swift */,
				48ABD2D321D547E700957972 /* TrailerViewController.swift */,
				48ABD2D521D547E700957972 /* Main.storyboard */,
				48ABD2E721D584F900957972 /* MarvelTrailerCell.swift */,
				48ABD2E521D567C200957972 /* Trailer.swift */,
				48ABD33D21DA814000957972 /* Character.swift */,
				48ABD33F21DA924000957972 /* SecretKeys.swift */,
				48ABD2E321D54FA700957972 /* MarvelPageVC.swift */,
				48ABD32921D5895500957972 /* Videos */,
				48ABD2D821D547EA00957972 /* Assets.xcassets */,
				48ABD2DA21D547EA00957972 /* LaunchScreen.storyboard */,
				48ABD2DD21D547EA00957972 /* Info.plist */,
			);
			path = MarvelStudiosApi;
			sourceTree = "<group>";
		};
		48ABD32921D5895500957972 /* Videos */ = {
			isa = PBXGroup;
			children = (
				48ABD2F221D588FA00957972 /* AATW.mp4 */,
				48ABD2EE21D588F700957972 /* AntMan.mp4 */,
				48ABD2F621D588FC00957972 /* AOU.mp4 */,
				48ABD2FB21D588FF00957972 /* Avengers.mp4 */,
				48ABD2EC21D588F600957972 /* BlackPanther.mp4 */,
				48ABD2FD21D5890000957972 /* CaptainMarvel.mp4 */,
				48ABD2FC21D588FF00957972 /* CATFA.mp4 */,
				48ABD30821D5890900957972 /* CAWS.mp4 */,
				48ABD2F321D588FA00957972 /* CivilWar.mp4 */,
				48ABD2F921D588FD00957972 /* DarkWorld.mp4 */,
				48ABD30521D5890600957972 /* Deadpool.mp4 */,
				48ABD2F021D588F800957972 /* Deadpool2.mp4 */,
				48ABD2EB21D588F500957972 /* DrStrange.mp4 */,
				48ABD2F121D588F900957972 /* EndGame.mp4 */,
				48ABD30321D5890500957972 /* FFH.mp4 */,
				48ABD30721D5890800957972 /* FirstClass.mp4 */,
				48ABD30121D5890300957972 /* GOTG.mp4 */,
				48ABD2EF21D588F800957972 /* GOTG2.mp4 */,
				48ABD2F821D588FD00957972 /* HC.mp4 */,
				48ABD2F421D588FB00957972 /* Hulk.mp4 */,
				48ABD2F521D588FB00957972 /* IronMan.mp4 */,
				48ABD2FA21D588FE00957972 /* IronMan2.mp4 */,
				48ABD2ED21D588F700957972 /* IronMan3.mp4 */,
				48ABD2FE21D5890100957972 /* Logan.mp4 */,
				48ABD30021D5890200957972 /* Ragnarok.mp4 */,
				48ABD2F721D588FC00957972 /* SpidermanOT.mp4 */,
				48ABD2E921D588F400957972 /* Spiderverse.mp4 */,
				48ABD2FF21D5890100957972 /* TAS.mp4 */,
				48ABD30621D5890700957972 /* TAS2.mp4 */,
				48ABD30221D5890400957972 /* Thor.mp4 */,
				48ABD2EA21D588F500957972 /* Venom.mp4 */,
				48ABD30421D5890600957972 /* XMenOT.mp4 */,
			);
			path = Videos;
			sourceTree = "<group>";
		};
/* End PBXGroup section */

/* Begin PBXNativeTarget section */
		48ABD2CD21D547E700957972 /* MarvelStudiosApi */ = {
			isa = PBXNativeTarget;
			buildConfigurationList = 48ABD2E021D547EA00957972 /* Build configuration list for PBXNativeTarget "MarvelStudiosApi" */;
			buildPhases = (
				48ABD2CA21D547E700957972 /* Sources */,
				48ABD2CB21D547E700957972 /* Frameworks */,
				48ABD2CC21D547E700957972 /* Resources */,
			);
			buildRules = (
			);
			dependencies = (
			);
			name = MarvelStudiosApi;
			productName = MarvelStudiosApi;
			productReference = 48ABD2CE21D547E700957972 /* MarvelStudiosApi.app */;
			productType = "com.apple.product-type.application";
		};
/* End PBXNativeTarget section */

/* Begin PBXProject section */
		48ABD2C621D547E700957972 /* Project object */ = {
			isa = PBXProject;
			attributes = {
				LastSwiftUpdateCheck = 1000;
				LastUpgradeCheck = 1000;
				ORGANIZATIONNAME = "Ibraheem rawlinson";
				TargetAttributes = {
					48ABD2CD21D547E700957972 = {
						CreatedOnToolsVersion = 10.0;
					};
				};
			};
			buildConfigurationList = 48ABD2C921D547E700957972 /* Build configuration list for PBXProject "MarvelStudiosApi" */;
			compatibilityVersion = "Xcode 9.3";
			developmentRegion = en;
			hasScannedForEncodings = 0;
			knownRegions = (
				en,
				Base,
			);
			mainGroup = 48ABD2C521D547E700957972;
			productRefGroup = 48ABD2CF21D547E700957972 /* Products */;
			projectDirPath = "";
			projectRoot = "";
			targets = (
				48ABD2CD21D547E700957972 /* MarvelStudiosApi */,
			);
		};
/* End PBXProject section */

/* Begin PBXResourcesBuildPhase section */
		48ABD2CC21D547E700957972 /* Resources */ = {
			isa = PBXResourcesBuildPhase;
			buildActionMask = 2147483647;
			files = (
				48ABD2DC21D547EA00957972 /* LaunchScreen.storyboard in Resources */,
				48ABD32721D5890900957972 /* FirstClass.mp4 in Resources */,
				48ABD2D921D547EA00957972 /* Assets.xcassets in Resources */,
				48ABD30D21D5890900957972 /* IronMan3.mp4 in Resources */,
				48ABD32821D5890900957972 /* CAWS.mp4 in Resources */,
				48ABD30F21D5890900957972 /* GOTG2.mp4 in Resources */,
				48ABD31C21D5890900957972 /* CATFA.mp4 in Resources */,
				48ABD31A21D5890900957972 /* IronMan2.mp4 in Resources */,
				48ABD30A21D5890900957972 /* Venom.mp4 in Resources */,
				48ABD31D21D5890900957972 /* CaptainMarvel.mp4 in Resources */,
				48ABD31021D5890900957972 /* Deadpool2.mp4 in Resources */,
				48ABD30921D5890900957972 /* Spiderverse.mp4 in Resources */,
				48ABD32021D5890900957972 /* Ragnarok.mp4 in Resources */,
				48ABD32621D5890900957972 /* TAS2.mp4 in Resources */,
				48ABD31121D5890900957972 /* EndGame.mp4 in Resources */,
				48ABD31721D5890900957972 /* SpidermanOT.mp4 in Resources */,
				48ABD31321D5890900957972 /* CivilWar.mp4 in Resources */,
				48ABD31621D5890900957972 /* AOU.mp4 in Resources */,
				48ABD31F21D5890900957972 /* TAS.mp4 in Resources */,
				48ABD31821D5890900957972 /* HC.mp4 in Resources */,
				48ABD31221D5890900957972 /* AATW.mp4 in Resources */,
				48ABD32421D5890900957972 /* XMenOT.mp4 in Resources */,
				48ABD32521D5890900957972 /* Deadpool.mp4 in Resources */,
				48ABD32321D5890900957972 /* FFH.mp4 in Resources */,
				48ABD31E21D5890900957972 /* Logan.mp4 in Resources */,
				48ABD31B21D5890900957972 /* Avengers.mp4 in Resources */,
				48ABD32121D5890900957972 /* GOTG.mp4 in Resources */,
				48ABD30B21D5890900957972 /* DrStrange.mp4 in Resources */,
				48ABD30C21D5890900957972 /* BlackPanther.mp4 in Resources */,
				48ABD30E21D5890900957972 /* AntMan.mp4 in Resources */,
				48ABD32221D5890900957972 /* Thor.mp4 in Resources */,
				48ABD2D721D547E700957972 /* Main.storyboard in Resources */,
				48ABD31521D5890900957972 /* IronMan.mp4 in Resources */,
				48ABD31921D5890900957972 /* DarkWorld.mp4 in Resources */,
				48ABD31421D5890900957972 /* Hulk.mp4 in Resources */,
			);
			runOnlyForDeploymentPostprocessing = 0;
		};
/* End PBXResourcesBuildPhase section */

/* Begin PBXSourcesBuildPhase section */
		48ABD2CA21D547E700957972 /* Sources */ = {
			isa = PBXSourcesBuildPhase;
			buildActionMask = 2147483647;
			files = (
				48ABD2D421D547E700957972 /* TrailerViewController.swift in Sources */,
				48ABD2E421D54FA700957972 /* MarvelPageVC.swift in Sources */,
				48ABD2D221D547E700957972 /* AppDelegate.swift in Sources */,
				48ABD33E21DA814000957972 /* Character.swift in Sources */,
				48ABD2E821D584F900957972 /* MarvelTrailerCell.swift in Sources */,
				48ABD34021DA924000957972 /* SecretKeys.swift in Sources */,
				48ABD2E621D567C200957972 /* Trailer.swift in Sources */,
			);
			runOnlyForDeploymentPostprocessing = 0;
		};
/* End PBXSourcesBuildPhase section */

/* Begin PBXVariantGroup section */
		48ABD2D521D547E700957972 /* Main.storyboard */ = {
			isa = PBXVariantGroup;
			children = (
				48ABD2D621D547E700957972 /* Base */,
			);
			name = Main.storyboard;
			sourceTree = "<group>";
		};
		48ABD2DA21D547EA00957972 /* LaunchScreen.storyboard */ = {
			isa = PBXVariantGroup;
			children = (
				48ABD2DB21D547EA00957972 /* Base */,
			);
			name = LaunchScreen.storyboard;
			sourceTree = "<group>";
		};
/* End PBXVariantGroup section */

/* Begin XCBuildConfiguration section */
		48ABD2DE21D547EA00957972 /* Debug */ = {
			isa = XCBuildConfiguration;
			buildSettings = {
				ALWAYS_SEARCH_USER_PATHS = NO;
				CLANG_ANALYZER_NONNULL = YES;
				CLANG_ANALYZER_NUMBER_OBJECT_CONVERSION = YES_AGGRESSIVE;
				CLANG_CXX_LANGUAGE_STANDARD = "gnu++14";
				CLANG_CXX_LIBRARY = "libc++";
				CLANG_ENABLE_MODULES = YES;
				CLANG_ENABLE_OBJC_ARC = YES;
				CLANG_ENABLE_OBJC_WEAK = YES;
				CLANG_WARN_BLOCK_CAPTURE_AUTORELEASING = YES;
				CLANG_WARN_BOOL_CONVERSION = YES;
				CLANG_WARN_COMMA = YES;
				CLANG_WARN_CONSTANT_CONVERSION = YES;
				CLANG_WARN_DEPRECATED_OBJC_IMPLEMENTATIONS = YES;
				CLANG_WARN_DIRECT_OBJC_ISA_USAGE = YES_ERROR;
				CLANG_WARN_DOCUMENTATION_COMMENTS = YES;
				CLANG_WARN_EMPTY_BODY = YES;
				CLANG_WARN_ENUM_CONVERSION = YES;
				CLANG_WARN_INFINITE_RECURSION = YES;
				CLANG_WARN_INT_CONVERSION = YES;
				CLANG_WARN_NON_LITERAL_NULL_CONVERSION = YES;
				CLANG_WARN_OBJC_IMPLICIT_RETAIN_SELF = YES;
				CLANG_WARN_OBJC_LITERAL_CONVERSION = YES;
				CLANG_WARN_OBJC_ROOT_CLASS = YES_ERROR;
				CLANG_WARN_RANGE_LOOP_ANALYSIS = YES;
				CLANG_WARN_STRICT_PROTOTYPES = YES;
				CLANG_WARN_SUSPICIOUS_MOVE = YES;
				CLANG_WARN_UNGUARDED_AVAILABILITY = YES_AGGRESSIVE;
				CLANG_WARN_UNREACHABLE_CODE = YES;
				CLANG_WARN__DUPLICATE_METHOD_MATCH = YES;
				CODE_SIGN_IDENTITY = "iPhone Developer";
				COPY_PHASE_STRIP = NO;
				DEBUG_INFORMATION_FORMAT = dwarf;
				ENABLE_STRICT_OBJC_MSGSEND = YES;
				ENABLE_TESTABILITY = YES;
				GCC_C_LANGUAGE_STANDARD = gnu11;
				GCC_DYNAMIC_NO_PIC = NO;
				GCC_NO_COMMON_BLOCKS = YES;
				GCC_OPTIMIZATION_LEVEL = 0;
				GCC_PREPROCESSOR_DEFINITIONS = (
					"DEBUG=1",
					"$(inherited)",
				);
				GCC_WARN_64_TO_32_BIT_CONVERSION = YES;
				GCC_WARN_ABOUT_RETURN_TYPE = YES_ERROR;
				GCC_WARN_UNDECLARED_SELECTOR = YES;
				GCC_WARN_UNINITIALIZED_AUTOS = YES_AGGRESSIVE;
				GCC_WARN_UNUSED_FUNCTION = YES;
				GCC_WARN_UNUSED_VARIABLE = YES;
				IPHONEOS_DEPLOYMENT_TARGET = 12.0;
				MTL_ENABLE_DEBUG_INFO = INCLUDE_SOURCE;
				MTL_FAST_MATH = YES;
				ONLY_ACTIVE_ARCH = YES;
				SDKROOT = iphoneos;
				SWIFT_ACTIVE_COMPILATION_CONDITIONS = DEBUG;
				SWIFT_OPTIMIZATION_LEVEL = "-Onone";
			};
			name = Debug;
		};
		48ABD2DF21D547EA00957972 /* Release */ = {
			isa = XCBuildConfiguration;
			buildSettings = {
				ALWAYS_SEARCH_USER_PATHS = NO;
				CLANG_ANALYZER_NONNULL = YES;
				CLANG_ANALYZER_NUMBER_OBJECT_CONVERSION = YES_AGGRESSIVE;
				CLANG_CXX_LANGUAGE_STANDARD = "gnu++14";
				CLANG_CXX_LIBRARY = "libc++";
				CLANG_ENABLE_MODULES = YES;
				CLANG_ENABLE_OBJC_ARC = YES;
				CLANG_ENABLE_OBJC_WEAK = YES;
				CLANG_WARN_BLOCK_CAPTURE_AUTORELEASING = YES;
				CLANG_WARN_BOOL_CONVERSION = YES;
				CLANG_WARN_COMMA = YES;
				CLANG_WARN_CONSTANT_CONVERSION = YES;
				CLANG_WARN_DEPRECATED_OBJC_IMPLEMENTATIONS = YES;
				CLANG_WARN_DIRECT_OBJC_ISA_USAGE = YES_ERROR;
				CLANG_WARN_DOCUMENTATION_COMMENTS = YES;
				CLANG_WARN_EMPTY_BODY = YES;
				CLANG_WARN_ENUM_CONVERSION = YES;
				CLANG_WARN_INFINITE_RECURSION = YES;
				CLANG_WARN_INT_CONVERSION = YES;
				CLANG_WARN_NON_LITERAL_NULL_CONVERSION = YES;
				CLANG_WARN_OBJC_IMPLICIT_RETAIN_SELF = YES;
				CLANG_WARN_OBJC_LITERAL_CONVERSION = YES;
				CLANG_WARN_OBJC_ROOT_CLASS = YES_ERROR;
				CLANG_WARN_RANGE_LOOP_ANALYSIS = YES;
				CLANG_WARN_STRICT_PROTOTYPES = YES;
				CLANG_WARN_SUSPICIOUS_MOVE = YES;
				CLANG_WARN_UNGUARDED_AVAILABILITY = YES_AGGRESSIVE;
				CLANG_WARN_UNREACHABLE_CODE = YES;
				CLANG_WARN__DUPLICATE_METHOD_MATCH = YES;
				CODE_SIGN_IDENTITY = "iPhone Developer";
				COPY_PHASE_STRIP = NO;
				DEBUG_INFORMATION_FORMAT = "dwarf-with-dsym";
				ENABLE_NS_ASSERTIONS = NO;
				ENABLE_STRICT_OBJC_MSGSEND = YES;
				GCC_C_LANGUAGE_STANDARD = gnu11;
				GCC_NO_COMMON_BLOCKS = YES;
				GCC_WARN_64_TO_32_BIT_CONVERSION = YES;
				GCC_WARN_ABOUT_RETURN_TYPE = YES_ERROR;
				GCC_WARN_UNDECLARED_SELECTOR = YES;
				GCC_WARN_UNINITIALIZED_AUTOS = YES_AGGRESSIVE;
				GCC_WARN_UNUSED_FUNCTION = YES;
				GCC_WARN_UNUSED_VARIABLE = YES;
				IPHONEOS_DEPLOYMENT_TARGET = 12.0;
				MTL_ENABLE_DEBUG_INFO = NO;
				MTL_FAST_MATH = YES;
				SDKROOT = iphoneos;
				SWIFT_COMPILATION_MODE = wholemodule;
				SWIFT_OPTIMIZATION_LEVEL = "-O";
				VALIDATE_PRODUCT = YES;
			};
			name = Release;
		};
		48ABD2E121D547EA00957972 /* Debug */ = {
			isa = XCBuildConfiguration;
			buildSettings = {
				ASSETCATALOG_COMPILER_APPICON_NAME = AppIcon;
				CODE_SIGN_STYLE = Automatic;
				DEVELOPMENT_TEAM = 465ZSD32S3;
				INFOPLIST_FILE = MarvelStudiosApi/Info.plist;
				LD_RUNPATH_SEARCH_PATHS = (
					"$(inherited)",
					"@executable_path/Frameworks",
				);
				PRODUCT_BUNDLE_IDENTIFIER = ibraheem.MarvelStudiosApi;
				PRODUCT_NAME = "$(TARGET_NAME)";
				SWIFT_VERSION = 4.2;
				TARGETED_DEVICE_FAMILY = "1,2";
			};
			name = Debug;
		};
		48ABD2E221D547EA00957972 /* Release */ = {
			isa = XCBuildConfiguration;
			buildSettings = {
				ASSETCATALOG_COMPILER_APPICON_NAME = AppIcon;
				CODE_SIGN_STYLE = Automatic;
				DEVELOPMENT_TEAM = 465ZSD32S3;
				INFOPLIST_FILE = MarvelStudiosApi/Info.plist;
				LD_RUNPATH_SEARCH_PATHS = (
					"$(inherited)",
					"@executable_path/Frameworks",
				);
				PRODUCT_BUNDLE_IDENTIFIER = ibraheem.MarvelStudiosApi;
				PRODUCT_NAME = "$(TARGET_NAME)";
				SWIFT_VERSION = 4.2;
				TARGETED_DEVICE_FAMILY = "1,2";
			};
			name = Release;
		};
/* End XCBuildConfiguration section */

/* Begin XCConfigurationList section */
		48ABD2C921D547E700957972 /* Build configuration list for PBXProject "MarvelStudiosApi" */ = {
			isa = XCConfigurationList;
			buildConfigurations = (
				48ABD2DE21D547EA00957972 /* Debug */,
				48ABD2DF21D547EA00957972 /* Release */,
			);
			defaultConfigurationIsVisible = 0;
			defaultConfigurationName = Release;
		};
		48ABD2E021D547EA00957972 /* Build configuration list for PBXNativeTarget "MarvelStudiosApi" */ = {
			isa = XCConfigurationList;
			buildConfigurations = (
				48ABD2E121D547EA00957972 /* Debug */,
				48ABD2E221D547EA00957972 /* Release */,
			);
			defaultConfigurationIsVisible = 0;
			defaultConfigurationName = Release;
		};
/* End XCConfigurationList section */
	};
	rootObject = 48ABD2C621D547E700957972 /* Project object */;
}
